# This file is automatically @generated by Cargo.
# It is not intended for manual editing.
version = 3

[[package]]
name = "advapi32-sys"
version = "0.1.2"
source = "registry+https://github.com/rust-lang/crates.io-index"
checksum = "307c92332867e586720c0222ee9d890bbe8431711efed8a1b06bc5b40fc66bd7"
dependencies = [
 "winapi",
 "winapi-build",
]

[[package]]
name = "aho-corasick"
version = "0.7.18"
source = "registry+https://github.com/rust-lang/crates.io-index"
checksum = "1e37cfd5e7657ada45f742d6e99ca5788580b5c529dc78faf11ece6dc702656f"
dependencies = [
 "memchr",
]

[[package]]
name = "bitflags"
version = "0.3.2"
source = "registry+https://github.com/rust-lang/crates.io-index"
checksum = "65fee84cb17ca0b1f86b3870caad42a966b58366caed5a1651c6eb7f415ac545"

[[package]]
name = "bodyparser"
version = "0.0.5"
source = "git+https://github.com/iron/body-parser.git#8979de335892f95aca30c6c82d58fc4240cdef57"
dependencies = [
 "iron",
 "persistent",
 "plugin",
 "rustc-serialize",
]

[[package]]
name = "bodyparser"
version = "0.0.6"
source = "registry+https://github.com/rust-lang/crates.io-index"
checksum = "78c280275d396472fb2f4f4bbeb88a7fa9dc45403e9b290e2a5cbf12a1354c47"
dependencies = [
 "iron",
 "persistent",
 "plugin",
 "rustc-serialize",
]

[[package]]
name = "conduit-mime-types"
version = "0.7.3"
source = "registry+https://github.com/rust-lang/crates.io-index"
checksum = "95ca30253581af809925ef68c2641cc140d6183f43e12e0af4992d53768bd7b8"
dependencies = [
 "rustc-serialize",
]

[[package]]
name = "cookie"
version = "0.1.21"
source = "registry+https://github.com/rust-lang/crates.io-index"
checksum = "02443c47d5c80f9b4be9b8f51c0bf307d663fe28b18ccabef44d8b0a4b2a967b"
dependencies = [
 "openssl",
 "rustc-serialize",
 "time",
 "url",
]

[[package]]
name = "error"
version = "0.1.7"
source = "registry+https://github.com/rust-lang/crates.io-index"
checksum = "aa18f32e8cb5262901fe4fd9ea0d44607b029605a6e0a84bcdf97e70539c7b4a"
dependencies = [
 "traitobject 0.0.3",
 "typeable",
]

[[package]]
name = "extremerust"
version = "0.1.0"
dependencies = [
 "bodyparser 0.0.5",
 "iron",
 "persistent",
 "regex",
 "time",
 "urlencoded",
]

[[package]]
name = "gcc"
version = "0.3.19"
source = "registry+https://github.com/rust-lang/crates.io-index"
checksum = "7c4709c32c47168f5fdf6fcece04b283931fc071b713435bff40d67b5f0b5d5d"
dependencies = [
 "advapi32-sys",
 "winapi",
]

[[package]]
name = "hpack"
version = "0.2.0"
source = "registry+https://github.com/rust-lang/crates.io-index"
checksum = "3d2da7d3a34cf6406d9d700111b8eafafe9a251de41ae71d8052748259343b58"
dependencies = [
 "log",
]

[[package]]
name = "httparse"
version = "1.0.0"
source = "registry+https://github.com/rust-lang/crates.io-index"
checksum = "49bd72a7f04d020d0f22e20a0cd80ac7d745d2023d1f35929497780ea06dbef8"

[[package]]
name = "hyper"
version = "0.6.15"
source = "registry+https://github.com/rust-lang/crates.io-index"
checksum = "422162b589613eb3d5381051e66d5f149bfa4146d9eead411cd3111d93a96168"
dependencies = [
 "cookie",
 "httparse",
 "language-tags",
 "log",
 "mime",
 "num_cpus",
 "openssl",
 "rustc-serialize",
 "solicit",
 "time",
 "traitobject 0.0.1",
 "typeable",
 "unicase",
 "url",
]

[[package]]
name = "iron"
version = "0.2.2"
source = "registry+https://github.com/rust-lang/crates.io-index"
checksum = "22eb4ab5488835029e3454e11f88d378b8f3bc42d48a8142407b0e5cb798cd88"
dependencies = [
 "conduit-mime-types",
 "error",
 "hyper",
 "lazy_static",
 "log",
 "modifier",
 "num_cpus",
 "plugin",
 "typemap",
 "url",
]

[[package]]
name = "kernel32-sys"
version = "0.1.4"
source = "registry+https://github.com/rust-lang/crates.io-index"
checksum = "e014dab1082fd9d80ea1fa6fcb261b47ed3eb511612a14198bb507701add083e"
dependencies = [
 "winapi",
 "winapi-build",
]

[[package]]
name = "language-tags"
version = "0.0.7"
source = "registry+https://github.com/rust-lang/crates.io-index"
checksum = "41633f9c0d99840437d1f2073c0a6dadcf1dbd28b87dda956e3d91b65f6e57a7"

[[package]]
name = "lazy_static"
version = "0.1.15"
source = "registry+https://github.com/rust-lang/crates.io-index"
checksum = "547fd11b0400fbab39f7a6df53c648cfb01b977233015d9e0784d595a5a6c449"

[[package]]
name = "libc"
version = "0.1.10"
source = "registry+https://github.com/rust-lang/crates.io-index"
checksum = "cd70bd1f9f3bfadfdcdf92869faecc795686617d3a9acfe74d0c89a4bb6d142b"

[[package]]
name = "libressl-pnacl-sys"
version = "2.1.6"
source = "registry+https://github.com/rust-lang/crates.io-index"
checksum = "cbc058951ab6a3ef35ca16462d7642c4867e6403520811f28537a4e2f2db3e71"
dependencies = [
 "pnacl-build-helper",
]

[[package]]
name = "log"
version = "0.3.2"
source = "registry+https://github.com/rust-lang/crates.io-index"
checksum = "0b31520293fb0bea11a3b5ffde21bce34b00c063c42366948af845bb68a18522"
dependencies = [
 "libc",
]

[[package]]
name = "matches"
version = "0.1.2"
source = "registry+https://github.com/rust-lang/crates.io-index"
checksum = "15305656809ce5a4805b1ff2946892810992197ce1270ff79baded852187942e"

[[package]]
name = "memchr"
version = "2.5.0"
source = "registry+https://github.com/rust-lang/crates.io-index"
checksum = "2dffe52ecf27772e601905b7522cb4ef790d2cc203488bbd0e2fe85fcb74566d"

[[package]]
name = "mime"
version = "0.1.0"
source = "registry+https://github.com/rust-lang/crates.io-index"
checksum = "82cb9365a85d5c3dd6f503a5f2323b8110df222b322a127583897eb4e9df84ff"
dependencies = [
 "log",
]

[[package]]
name = "modifier"
version = "0.1.0"
source = "registry+https://github.com/rust-lang/crates.io-index"
checksum = "41f5c9112cb662acd3b204077e0de5bc66305fa8df65c8019d5adb10e9ab6e58"

[[package]]
name = "num_cpus"
version = "0.2.7"
source = "registry+https://github.com/rust-lang/crates.io-index"
checksum = "fdda8ce4d2c679c16c9aee042a59e2af28832ed805739c6f868e76eb4c90b99b"
dependencies = [
 "libc",
]

[[package]]
name = "openssl"
version = "0.6.7"
source = "registry+https://github.com/rust-lang/crates.io-index"
checksum = "816776e562d5e95935ffb09a45442deb846c4767f1c3c3b33ec24a4b8106e11a"
dependencies = [
 "bitflags",
 "lazy_static",
 "libc",
 "openssl-sys",
]

[[package]]
name = "openssl-sys"
version = "0.6.7"
source = "registry+https://github.com/rust-lang/crates.io-index"
checksum = "74a0b047568fe3d4f35a076d6bd3c49b5ae7da80c4df72956b3a8268020f1aab"
dependencies = [
 "gcc",
 "libc",
 "libressl-pnacl-sys",
 "pkg-config",
]

[[package]]
name = "persistent"
version = "0.0.7"
source = "registry+https://github.com/rust-lang/crates.io-index"
checksum = "b986b332bcfe53d59732601a542bd09978fcd7f5eb85c3c7965f62a2ad637256"
dependencies = [
 "iron",
 "plugin",
]

[[package]]
name = "pkg-config"
version = "0.3.6"
source = "registry+https://github.com/rust-lang/crates.io-index"
checksum = "e22680bde24ca417a3a7fc1036ead9acf0a0af007217c955f61c0eaa903edb2f"

[[package]]
name = "plugin"
version = "0.2.6"
source = "registry+https://github.com/rust-lang/crates.io-index"
checksum = "1a6a0dc3910bc8db877ffed8e457763b317cf880df4ae19109b9f77d277cf6e0"
dependencies = [
 "typemap",
]

[[package]]
name = "pnacl-build-helper"
version = "1.4.10"
source = "registry+https://github.com/rust-lang/crates.io-index"
checksum = "61c9231d31aea845007443d62fcbb58bb6949ab9c18081ee1e09920e0cf1118b"
dependencies = [
 "tempdir",
]

[[package]]
name = "rand"
version = "0.3.11"
source = "registry+https://github.com/rust-lang/crates.io-index"
checksum = "9f7c7a46a8a1f876a89c594f7171a4152f5d7db20bfd4861c4f59b314ee81bff"
dependencies = [
 "advapi32-sys",
 "libc",
 "winapi",
]

[[package]]
name = "regex"
version = "1.5.5"
source = "registry+https://github.com/rust-lang/crates.io-index"
checksum = "1a11647b6b25ff05a515cb92c365cec08801e83423a235b51e231e1808747286"
dependencies = [
 "aho-corasick",
 "memchr",
 "regex-syntax",
]

[[package]]
name = "regex-syntax"
version = "0.6.26"
source = "registry+https://github.com/rust-lang/crates.io-index"
checksum = "49b3de9ec5dc0a3417da371aab17d729997c15010e7fd24ff707773a33bddb64"

[[package]]
name = "rustc-serialize"
version = "0.3.16"
source = "registry+https://github.com/rust-lang/crates.io-index"
checksum = "1a48546a64cae47d06885e9bccadb99d0547d877a94c5167fa451ea33a484456"

[[package]]
name = "solicit"
version = "0.4.4"
source = "registry+https://github.com/rust-lang/crates.io-index"
checksum = "172382bac9424588d7840732b250faeeef88942e37b6e35317dce98cafdd75b2"
dependencies = [
 "hpack",
 "log",
]

[[package]]
name = "tempdir"
version = "0.3.4"
source = "registry+https://github.com/rust-lang/crates.io-index"
checksum = "0b62933a3f96cd559700662c34f8bab881d9e3540289fb4f368419c7f13a5aa9"
dependencies = [
 "rand",
]

[[package]]
name = "time"
version = "0.1.33"
source = "registry+https://github.com/rust-lang/crates.io-index"
checksum = "c609f00c984948b95bbf3d6abd5b03bdbfb823e4e97d81f1d1ac4d5e455552d1"
dependencies = [
 "kernel32-sys",
 "libc",
 "winapi",
]

[[package]]
name = "traitobject"
version = "0.0.1"
source = "registry+https://github.com/rust-lang/crates.io-index"
checksum = "07eaeb7689bb7fca7ce15628319635758eda769fed481ecfe6686ddef2600616"

[[package]]
name = "traitobject"
version = "0.0.3"
source = "registry+https://github.com/rust-lang/crates.io-index"
checksum = "9dc23794ff47c95882da6f9d15de9a6be14987760a28cc0aafb40b7675ef09d8"

[[package]]
name = "typeable"
version = "0.1.2"
source = "registry+https://github.com/rust-lang/crates.io-index"
checksum = "1410f6f91f21d1612654e7cc69193b0334f909dcf2c790c4826254fbb86f8887"

[[package]]
name = "typemap"
version = "0.3.3"
source = "registry+https://github.com/rust-lang/crates.io-index"
checksum = "653be63c80a3296da5551e1bfd2cca35227e13cdd08c6668903ae2f4f77aa1f6"
dependencies = [
 "unsafe-any",
]

[[package]]
name = "unicase"
version = "1.0.0"
source = "registry+https://github.com/rust-lang/crates.io-index"
checksum = "cb874ebe26bbb9a961e2da8ba26c409a37ea371d0137663605830799b26f303a"

[[package]]
name = "unsafe-any"
version = "0.4.1"
source = "registry+https://github.com/rust-lang/crates.io-index"
checksum = "b351086021ebc264aea3ab4f94d61d889d98e5e9ec2d985d993f50133537fd3a"
dependencies = [
 "traitobject 0.0.3",
]

[[package]]
name = "url"
version = "0.2.37"
source = "registry+https://github.com/rust-lang/crates.io-index"
checksum = "8418be6f06480ae5242d656575a7f369b0cd0ee992e8e8f4a6610f64b3a6d911"
dependencies = [
 "matches",
 "rustc-serialize",
]

[[package]]
name = "urlencoded"
version = "0.2.0"
source = "registry+https://github.com/rust-lang/crates.io-index"
checksum = "18e0d81033da642f5bbbe0e0bfe5db2965277ee1be706b988d0639621e19f88b"
dependencies = [
 "bodyparser 0.0.6",
 "iron",
 "plugin",
 "url",
]

[[package]]
name = "winapi"
version = "0.2.4"
source = "registry+https://github.com/rust-lang/crates.io-index"
checksum = "5350e40d908c7e8b9e5c9edb541ca47cc617c6229d3575a46da6f550f36c96fd"

[[package]]
name = "winapi-build"
version = "0.1.1"
source = "registry+https://github.com/rust-lang/crates.io-index"
checksum = "2d315eee3b34aca4797b2da6b13ed88266e6d612562a0c46390af8299fc699bc"
